
Microsoft Visual Studio Solution File, Format Version 12.00
# Visual Studio Version 17
VisualStudioVersion = 17.1.32228.430
MinimumVisualStudioVersion = 10.0.40219.1
Project("{2150E333-8FDC-42A3-9474-1A3956D46DE8}") = "Web", "Web", "{12544F86-833D-447F-BA0C-7E85CC4779A4}"
EndProject
Project("{FAE04EC0-301F-11D3-BF4B-00C04F79EFBC}") = "Northwind.Web", "Northwind.Web\Northwind.Web.csproj", "{323F4C7A-7CB2-4C9A-98BC-7730A8567DC5}"
EndProject
Global
	GlobalSection(SolutionConfigurationPlatforms) = preSolution
		Debug|Any CPU = Debug|Any CPU
		Release|Any CPU = Release|Any CPU
	EndGlobalSection
	GlobalSection(ProjectConfigurationPlatforms) = postSolution
		{323F4C7A-7CB2-4C9A-98BC-7730A8567DC5}.Debug|Any CPU.ActiveCfg = Debug|Any CPU
		{323F4C7A-7CB2-4C9A-98BC-7730A8567DC5}.Debug|Any CPU.Build.0 = Debug|Any CPU
		{323F4C7A-7CB2-4C9A-98BC-7730A8567DC5}.Release|Any CPU.ActiveCfg = Release|Any CPU
		{323F4C7A-7CB2-4C9A-98BC-7730A8567DC5}.Release|Any CPU.Build.0 = Release|Any CPU
	EndGlobalSection
	GlobalSection(SolutionProperties) = preSolution
		HideSolutionNode = FALSE
	EndGlobalSection
	GlobalSection(NestedProjects) = preSolution
		{323F4C7A-7CB2-4C9A-98BC-7730A8567DC5} = {12544F86-833D-447F-BA0C-7E85CC4779A4}
	EndGlobalSection
	GlobalSection(ExtensibilityGlobals) = postSolution
		SolutionGuid = {EDFE9194-5960-4BD2-B4EB-322C71DB5980}
	EndGlobalSection
EndGlobal
