
Microsoft Visual Studio Solution File, Format Version 12.00
# Visual Studio Version 17
VisualStudioVersion = 17.1.32228.430
MinimumVisualStudioVersion = 10.0.40219.1
Project("{FAE04EC0-301F-11D3-BF4B-00C04F79EFBC}") = "DAY09", "DAY09\DAY09.csproj", "{7232E828-2920-4586-98DD-E4A661036155}"
EndProject
Global
	GlobalSection(SolutionConfigurationPlatforms) = preSolution
		Debug|Any CPU = Debug|Any CPU
		Release|Any CPU = Release|Any CPU
	EndGlobalSection
	GlobalSection(ProjectConfigurationPlatforms) = postSolution
		{7232E828-2920-4586-98DD-E4A661036155}.Debug|Any CPU.ActiveCfg = Debug|Any CPU
		{7232E828-2920-4586-98DD-E4A661036155}.Debug|Any CPU.Build.0 = Debug|Any CPU
		{7232E828-2920-4586-98DD-E4A661036155}.Release|Any CPU.ActiveCfg = Release|Any CPU
		{7232E828-2920-4586-98DD-E4A661036155}.Release|Any CPU.Build.0 = Release|Any CPU
	EndGlobalSection
	GlobalSection(SolutionProperties) = preSolution
		HideSolutionNode = FALSE
	EndGlobalSection
	GlobalSection(ExtensibilityGlobals) = postSolution
		SolutionGuid = {6BB26AC8-BD23-446D-B25C-A64E1A2D6FE8}
	EndGlobalSection
EndGlobal
