
Microsoft Visual Studio Solution File, Format Version 12.00
# Visual Studio Version 17
VisualStudioVersion = 17.1.32228.430
MinimumVisualStudioVersion = 10.0.40219.1
Project("{FAE04EC0-301F-11D3-BF4B-00C04F79EFBC}") = "DAY07", "DAY07\DAY07.csproj", "{9B0E2BEB-2E90-49A1-88BB-8DDAFB3D6003}"
EndProject
Global
	GlobalSection(SolutionConfigurationPlatforms) = preSolution
		Debug|Any CPU = Debug|Any CPU
		Release|Any CPU = Release|Any CPU
	EndGlobalSection
	GlobalSection(ProjectConfigurationPlatforms) = postSolution
		{9B0E2BEB-2E90-49A1-88BB-8DDAFB3D6003}.Debug|Any CPU.ActiveCfg = Debug|Any CPU
		{9B0E2BEB-2E90-49A1-88BB-8DDAFB3D6003}.Debug|Any CPU.Build.0 = Debug|Any CPU
		{9B0E2BEB-2E90-49A1-88BB-8DDAFB3D6003}.Release|Any CPU.ActiveCfg = Release|Any CPU
		{9B0E2BEB-2E90-49A1-88BB-8DDAFB3D6003}.Release|Any CPU.Build.0 = Release|Any CPU
	EndGlobalSection
	GlobalSection(SolutionProperties) = preSolution
		HideSolutionNode = FALSE
	EndGlobalSection
	GlobalSection(ExtensibilityGlobals) = postSolution
		SolutionGuid = {54C3C304-7E48-49C1-9247-CBB61AD3FD59}
	EndGlobalSection
EndGlobal
